
Microsoft Visual Studio Solution File, Format Version 12.00
# Visual Studio Version 16
VisualStudioVersion = 25.0.1700.0
MinimumVisualStudioVersion = 10.0.40219.1
Project("{FAE04EC0-301F-11D3-BF4B-00C04F79EFBC}") = "SkiaTest.Android", "SkiaTest\SkiaTest.Android\SkiaTest.Android.csproj", "{B8414475-F323-4773-84AA-A0CD70D5238D}"
EndProject
Project("{FAE04EC0-301F-11D3-BF4B-00C04F79EFBC}") = "SkiaTest.iOS", "SkiaTest\SkiaTest.iOS\SkiaTest.iOS.csproj", "{43F504D9-96A5-45A7-B806-4514DB6C236F}"
EndProject
Project("{FAE04EC0-301F-11D3-BF4B-00C04F79EFBC}") = "SkiaTest", "SkiaTest\SkiaTest\SkiaTest.csproj", "{3DCFCA6B-95C8-41F6-AE24-6FD4263163C6}"
EndProject
Project("{FAE04EC0-301F-11D3-BF4B-00C04F79EFBC}") = "SkiaTest.Mac", "SkiaTest.Mac\SkiaTest.Mac.csproj", "{1873EF9C-568B-40F4-84EE-2706B9296349}"
EndProject
Global
	GlobalSection(SolutionConfigurationPlatforms) = preSolution
		Debug|Any CPU = Debug|Any CPU
		Release|Any CPU = Release|Any CPU
		Debug|iPhoneSimulator = Debug|iPhoneSimulator
		Release|iPhoneSimulator = Release|iPhoneSimulator
		Debug|iPhone = Debug|iPhone
		Release|iPhone = Release|iPhone
	EndGlobalSection
	GlobalSection(ProjectConfigurationPlatforms) = postSolution
		{B8414475-F323-4773-84AA-A0CD70D5238D}.Debug|Any CPU.ActiveCfg = Debug|Any CPU
		{B8414475-F323-4773-84AA-A0CD70D5238D}.Debug|Any CPU.Build.0 = Debug|Any CPU
		{B8414475-F323-4773-84AA-A0CD70D5238D}.Release|Any CPU.ActiveCfg = Release|Any CPU
		{B8414475-F323-4773-84AA-A0CD70D5238D}.Release|Any CPU.Build.0 = Release|Any CPU
		{B8414475-F323-4773-84AA-A0CD70D5238D}.Debug|iPhoneSimulator.ActiveCfg = Debug|Any CPU
		{B8414475-F323-4773-84AA-A0CD70D5238D}.Debug|iPhoneSimulator.Build.0 = Debug|Any CPU
		{B8414475-F323-4773-84AA-A0CD70D5238D}.Release|iPhoneSimulator.ActiveCfg = Release|Any CPU
		{B8414475-F323-4773-84AA-A0CD70D5238D}.Release|iPhoneSimulator.Build.0 = Release|Any CPU
		{B8414475-F323-4773-84AA-A0CD70D5238D}.Debug|iPhone.ActiveCfg = Debug|Any CPU
		{B8414475-F323-4773-84AA-A0CD70D5238D}.Debug|iPhone.Build.0 = Debug|Any CPU
		{B8414475-F323-4773-84AA-A0CD70D5238D}.Release|iPhone.ActiveCfg = Release|Any CPU
		{B8414475-F323-4773-84AA-A0CD70D5238D}.Release|iPhone.Build.0 = Release|Any CPU
		{43F504D9-96A5-45A7-B806-4514DB6C236F}.Debug|Any CPU.ActiveCfg = Debug|iPhoneSimulator
		{43F504D9-96A5-45A7-B806-4514DB6C236F}.Debug|Any CPU.Build.0 = Debug|iPhoneSimulator
		{43F504D9-96A5-45A7-B806-4514DB6C236F}.Release|Any CPU.ActiveCfg = Release|iPhoneSimulator
		{43F504D9-96A5-45A7-B806-4514DB6C236F}.Release|Any CPU.Build.0 = Release|iPhoneSimulator
		{43F504D9-96A5-45A7-B806-4514DB6C236F}.Debug|iPhoneSimulator.ActiveCfg = Debug|iPhoneSimulator
		{43F504D9-96A5-45A7-B806-4514DB6C236F}.Debug|iPhoneSimulator.Build.0 = Debug|iPhoneSimulator
		{43F504D9-96A5-45A7-B806-4514DB6C236F}.Release|iPhoneSimulator.ActiveCfg = Release|iPhoneSimulator
		{43F504D9-96A5-45A7-B806-4514DB6C236F}.Release|iPhoneSimulator.Build.0 = Release|iPhoneSimulator
		{43F504D9-96A5-45A7-B806-4514DB6C236F}.Debug|iPhone.ActiveCfg = Debug|iPhone
		{43F504D9-96A5-45A7-B806-4514DB6C236F}.Debug|iPhone.Build.0 = Debug|iPhone
		{43F504D9-96A5-45A7-B806-4514DB6C236F}.Release|iPhone.ActiveCfg = Release|iPhone
		{43F504D9-96A5-45A7-B806-4514DB6C236F}.Release|iPhone.Build.0 = Release|iPhone
		{3DCFCA6B-95C8-41F6-AE24-6FD4263163C6}.Debug|Any CPU.ActiveCfg = Debug|Any CPU
		{3DCFCA6B-95C8-41F6-AE24-6FD4263163C6}.Debug|Any CPU.Build.0 = Debug|Any CPU
		{3DCFCA6B-95C8-41F6-AE24-6FD4263163C6}.Release|Any CPU.ActiveCfg = Release|Any CPU
		{3DCFCA6B-95C8-41F6-AE24-6FD4263163C6}.Release|Any CPU.Build.0 = Release|Any CPU
		{3DCFCA6B-95C8-41F6-AE24-6FD4263163C6}.Debug|iPhoneSimulator.ActiveCfg = Debug|Any CPU
		{3DCFCA6B-95C8-41F6-AE24-6FD4263163C6}.Debug|iPhoneSimulator.Build.0 = Debug|Any CPU
		{3DCFCA6B-95C8-41F6-AE24-6FD4263163C6}.Release|iPhoneSimulator.ActiveCfg = Release|Any CPU
		{3DCFCA6B-95C8-41F6-AE24-6FD4263163C6}.Release|iPhoneSimulator.Build.0 = Release|Any CPU
		{3DCFCA6B-95C8-41F6-AE24-6FD4263163C6}.Debug|iPhone.ActiveCfg = Debug|Any CPU
		{3DCFCA6B-95C8-41F6-AE24-6FD4263163C6}.Debug|iPhone.Build.0 = Debug|Any CPU
		{3DCFCA6B-95C8-41F6-AE24-6FD4263163C6}.Release|iPhone.ActiveCfg = Release|Any CPU
		{3DCFCA6B-95C8-41F6-AE24-6FD4263163C6}.Release|iPhone.Build.0 = Release|Any CPU
		{1873EF9C-568B-40F4-84EE-2706B9296349}.Debug|Any CPU.ActiveCfg = Debug|Any CPU
		{1873EF9C-568B-40F4-84EE-2706B9296349}.Debug|Any CPU.Build.0 = Debug|Any CPU
		{1873EF9C-568B-40F4-84EE-2706B9296349}.Release|Any CPU.ActiveCfg = Release|Any CPU
		{1873EF9C-568B-40F4-84EE-2706B9296349}.Release|Any CPU.Build.0 = Release|Any CPU
		{1873EF9C-568B-40F4-84EE-2706B9296349}.Debug|iPhoneSimulator.ActiveCfg = Debug|Any CPU
		{1873EF9C-568B-40F4-84EE-2706B9296349}.Debug|iPhoneSimulator.Build.0 = Debug|Any CPU
		{1873EF9C-568B-40F4-84EE-2706B9296349}.Release|iPhoneSimulator.ActiveCfg = Release|Any CPU
		{1873EF9C-568B-40F4-84EE-2706B9296349}.Release|iPhoneSimulator.Build.0 = Release|Any CPU
		{1873EF9C-568B-40F4-84EE-2706B9296349}.Debug|iPhone.ActiveCfg = Debug|Any CPU
		{1873EF9C-568B-40F4-84EE-2706B9296349}.Debug|iPhone.Build.0 = Debug|Any CPU
		{1873EF9C-568B-40F4-84EE-2706B9296349}.Release|iPhone.ActiveCfg = Release|Any CPU
		{1873EF9C-568B-40F4-84EE-2706B9296349}.Release|iPhone.Build.0 = Release|Any CPU
	EndGlobalSection
	GlobalSection(SolutionProperties) = preSolution
		HideSolutionNode = FALSE
	EndGlobalSection
	GlobalSection(ExtensibilityGlobals) = postSolution
		SolutionGuid = {4E7E61E9-F17F-4019-9245-27B65F04266A}
	EndGlobalSection
EndGlobal
